// !$*UTF8*$!
{
	archiveVersion = 1;
	classes = {
	};
	objectVersion = 46;
	objects = {

/* Begin PBXBuildFile section */
		86A4A3821BE6EFFD00C25F46 /* AppDelegate.swift in Sources */ = {isa = PBXBuildFile; fileRef = 86A4A3811BE6EFFD00C25F46 /* AppDelegate.swift */; };
		86A4A3841BE6EFFD00C25F46 /* ViewController.swift in Sources */ = {isa = PBXBuildFile; fileRef = 86A4A3831BE6EFFD00C25F46 /* ViewController.swift */; };
		86A4A3871BE6EFFD00C25F46 /* Main.storyboard in Resources */ = {isa = PBXBuildFile; fileRef = 86A4A3851BE6EFFD00C25F46 /* Main.storyboard */; };
		86A4A3891BE6EFFD00C25F46 /* Assets.xcassets in Resources */ = {isa = PBXBuildFile; fileRef = 86A4A3881BE6EFFD00C25F46 /* Assets.xcassets */; };
		86A4A38C1BE6EFFD00C25F46 /* LaunchScreen.storyboard in Resources */ = {isa = PBXBuildFile; fileRef = 86A4A38A1BE6EFFD00C25F46 /* LaunchScreen.storyboard */; };
		86A4A3971BE6EFFD00C25F46 /* BackgroundTimerTests.swift in Sources */ = {isa = PBXBuildFile; fileRef = 86A4A3961BE6EFFD00C25F46 /* BackgroundTimerTests.swift */; };
		86A4A3A21BE6EFFD00C25F46 /* BackgroundTimerUITests.swift in Sources */ = {isa = PBXBuildFile; fileRef = 86A4A3A11BE6EFFD00C25F46 /* BackgroundTimerUITests.swift */; };
/* End PBXBuildFile section */

/* Begin PBXContainerItemProxy section */
		86A4A3931BE6EFFD00C25F46 /* PBXContainerItemProxy */ = {
			isa = PBXContainerItemProxy;
			containerPortal = 86A4A3761BE6EFFD00C25F46 /* Project object */;
			proxyType = 1;
			remoteGlobalIDString = 86A4A37D1BE6EFFD00C25F46;
			remoteInfo = BackgroundTimer;
		};
		86A4A39E1BE6EFFD00C25F46 /* PBXContainerItemProxy */ = {
			isa = PBXContainerItemProxy;
			containerPortal = 86A4A3761BE6EFFD00C25F46 /* Project object */;
			proxyType = 1;
			remoteGlobalIDString = 86A4A37D1BE6EFFD00C25F46;
			remoteInfo = BackgroundTimer;
		};
/* End PBXContainerItemProxy section */

/* Begin PBXFileReference section */
		86A4A37E1BE6EFFD00C25F46 /* BackgroundTimer.app */ = {isa = PBXFileReference; explicitFileType = wrapper.application; includeInIndex = 0; path = BackgroundTimer.app; sourceTree = BUILT_PRODUCTS_DIR; };
		86A4A3811BE6EFFD00C25F46 /* AppDelegate.swift */ = {isa = PBXFileReference; lastKnownFileType = sourcecode.swift; path = AppDelegate.swift; sourceTree = "<group>"; };
		86A4A3831BE6EFFD00C25F46 /* ViewController.swift */ = {isa = PBXFileReference; lastKnownFileType = sourcecode.swift; path = ViewController.swift; sourceTree = "<group>"; };
		86A4A3861BE6EFFD00C25F46 /* Base */ = {isa = PBXFileReference; lastKnownFileType = file.storyboard; name = Base; path = Base.lproj/Main.storyboard; sourceTree = "<group>"; };
		86A4A3881BE6EFFD00C25F46 /* Assets.xcassets */ = {isa = PBXFileReference; lastKnownFileType = folder.assetcatalog; path = Assets.xcassets; sourceTree = "<group>"; };
		86A4A38B1BE6EFFD00C25F46 /* Base */ = {isa = PBXFileReference; lastKnownFileType = file.storyboard; name = Base; path = Base.lproj/LaunchScreen.storyboard; sourceTree = "<group>"; };
		86A4A38D1BE6EFFD00C25F46 /* Info.plist */ = {isa = PBXFileReference; lastKnownFileType = text.plist.xml; path = Info.plist; sourceTree = "<group>"; };
		86A4A3921BE6EFFD00C25F46 /* BackgroundTimerTests.xctest */ = {isa = PBXFileReference; explicitFileType = wrapper.cfbundle; includeInIndex = 0; path = BackgroundTimerTests.xctest; sourceTree = BUILT_PRODUCTS_DIR; };
		86A4A3961BE6EFFD00C25F46 /* BackgroundTimerTests.swift */ = {isa = PBXFileReference; lastKnownFileType = sourcecode.swift; path = BackgroundTimerTests.swift; sourceTree = "<group>"; };
		86A4A3981BE6EFFD00C25F46 /* Info.plist */ = {isa = PBXFileReference; lastKnownFileType = text.plist.xml; path = Info.plist; sourceTree = "<group>"; };
		86A4A39D1BE6EFFD00C25F46 /* BackgroundTimerUITests.xctest */ = {isa = PBXFileReference; explicitFileType = wrapper.cfbundle; includeInIndex = 0; path = BackgroundTimerUITests.xctest; sourceTree = BUILT_PRODUCTS_DIR; };
		86A4A3A11BE6EFFD00C25F46 /* BackgroundTimerUITests.swift */ = {isa = PBXFileReference; lastKnownFileType = sourcecode.swift; path = BackgroundTimerUITests.swift; sourceTree = "<group>"; };
		86A4A3A31BE6EFFD00C25F46 /* Info.plist */ = {isa = PBXFileReference; lastKnownFileType = text.plist.xml; path = Info.plist; sourceTree = "<group>"; };
/* End PBXFileReference section */

/* Begin PBXFrameworksBuildPhase section */
		86A4A37B1BE6EFFD00C25F46 /* Frameworks */ = {
			isa = PBXFrameworksBuildPhase;
			buildActionMask = 2147483647;
			files = (
			);
			runOnlyForDeploymentPostprocessing = 0;
		};
		86A4A38F1BE6EFFD00C25F46 /* Frameworks */ = {
			isa = PBXFrameworksBuildPhase;
			buildActionMask = 2147483647;
			files = (
			);
			runOnlyForDeploymentPostprocessing = 0;
		};
		86A4A39A1BE6EFFD00C25F46 /* Frameworks */ = {
			isa = PBXFrameworksBuildPhase;
			buildActionMask = 2147483647;
			files = (
			);
			runOnlyForDeploymentPostprocessing = 0;
		};
/* End PBXFrameworksBuildPhase section */

/* Begin PBXGroup section */
		86A4A3751BE6EFFD00C25F46 = {
			isa = PBXGroup;
			children = (
				86A4A3801BE6EFFD00C25F46 /* BackgroundTimer */,
				86A4A3951BE6EFFD00C25F46 /* BackgroundTimerTests */,
				86A4A3A01BE6EFFD00C25F46 /* BackgroundTimerUITests */,
				86A4A37F1BE6EFFD00C25F46 /* Products */,
			);
			sourceTree = "<group>";
		};
		86A4A37F1BE6EFFD00C25F46 /* Products */ = {
			isa = PBXGroup;
			children = (
				86A4A37E1BE6EFFD00C25F46 /* BackgroundTimer.app */,
				86A4A3921BE6EFFD00C25F46 /* BackgroundTimerTests.xctest */,
				86A4A39D1BE6EFFD00C25F46 /* BackgroundTimerUITests.xctest */,
			);
			name = Products;
			sourceTree = "<group>";
		};
		86A4A3801BE6EFFD00C25F46 /* BackgroundTimer */ = {
			isa = PBXGroup;
			children = (
				86A4A3811BE6EFFD00C25F46 /* AppDelegate.swift */,
				86A4A3831BE6EFFD00C25F46 /* ViewController.swift */,
				86A4A3851BE6EFFD00C25F46 /* Main.storyboard */,
				86A4A3881BE6EFFD00C25F46 /* Assets.xcassets */,
				86A4A38A1BE6EFFD00C25F46 /* LaunchScreen.storyboard */,
				86A4A38D1BE6EFFD00C25F46 /* Info.plist */,
			);
			path = BackgroundTimer;
			sourceTree = "<group>";
		};
		86A4A3951BE6EFFD00C25F46 /* BackgroundTimerTests */ = {
			isa = PBXGroup;
			children = (
				86A4A3961BE6EFFD00C25F46 /* BackgroundTimerTests.swift */,
				86A4A3981BE6EFFD00C25F46 /* Info.plist */,
			);
			path = BackgroundTimerTests;
			sourceTree = "<group>";
		};
		86A4A3A01BE6EFFD00C25F46 /* BackgroundTimerUITests */ = {
			isa = PBXGroup;
			children = (
				86A4A3A11BE6EFFD00C25F46 /* BackgroundTimerUITests.swift */,
				86A4A3A31BE6EFFD00C25F46 /* Info.plist */,
			);
			path = BackgroundTimerUITests;
			sourceTree = "<group>";
		};
/* End PBXGroup section */

/* Begin PBXNativeTarget section */
		86A4A37D1BE6EFFD00C25F46 /* BackgroundTimer */ = {
			isa = PBXNativeTarget;
			buildConfigurationList = 86A4A3A61BE6EFFD00C25F46 /* Build configuration list for PBXNativeTarget "BackgroundTimer" */;
			buildPhases = (
				86A4A37A1BE6EFFD00C25F46 /* Sources */,
				86A4A37B1BE6EFFD00C25F46 /* Frameworks */,
				86A4A37C1BE6EFFD00C25F46 /* Resources */,
			);
			buildRules = (
			);
			dependencies = (
			);
			name = BackgroundTimer;
			productName = BackgroundTimer;
			productReference = 86A4A37E1BE6EFFD00C25F46 /* BackgroundTimer.app */;
			productType = "com.apple.product-type.application";
		};
		86A4A3911BE6EFFD00C25F46 /* BackgroundTimerTests */ = {
			isa = PBXNativeTarget;
			buildConfigurationList = 86A4A3A91BE6EFFD00C25F46 /* Build configuration list for PBXNativeTarget "BackgroundTimerTests" */;
			buildPhases = (
				86A4A38E1BE6EFFD00C25F46 /* Sources */,
				86A4A38F1BE6EFFD00C25F46 /* Frameworks */,
				86A4A3901BE6EFFD00C25F46 /* Resources */,
			);
			buildRules = (
			);
			dependencies = (
				86A4A3941BE6EFFD00C25F46 /* PBXTargetDependency */,
			);
			name = BackgroundTimerTests;
			productName = BackgroundTimerTests;
			productReference = 86A4A3921BE6EFFD00C25F46 /* BackgroundTimerTests.xctest */;
			productType = "com.apple.product-type.bundle.unit-test";
		};
		86A4A39C1BE6EFFD00C25F46 /* BackgroundTimerUITests */ = {
			isa = PBXNativeTarget;
			buildConfigurationList = 86A4A3AC1BE6EFFD00C25F46 /* Build configuration list for PBXNativeTarget "BackgroundTimerUITests" */;
			buildPhases = (
				86A4A3991BE6EFFD00C25F46 /* Sources */,
				86A4A39A1BE6EFFD00C25F46 /* Frameworks */,
				86A4A39B1BE6EFFD00C25F46 /* Resources */,
			);
			buildRules = (
			);
			dependencies = (
				86A4A39F1BE6EFFD00C25F46 /* PBXTargetDependency */,
			);
			name = BackgroundTimerUITests;
			productName = BackgroundTimerUITests;
			productReference = 86A4A39D1BE6EFFD00C25F46 /* BackgroundTimerUITests.xctest */;
			productType = "com.apple.product-type.bundle.ui-testing";
		};
/* End PBXNativeTarget section */

/* Begin PBXProject section */
		86A4A3761BE6EFFD00C25F46 /* Project object */ = {
			isa = PBXProject;
			attributes = {
				LastSwiftUpdateCheck = 0710;
				LastUpgradeCheck = 0710;
				ORGANIZATIONNAME = "Rakit PLT";
				TargetAttributes = {
					86A4A37D1BE6EFFD00C25F46 = {
						CreatedOnToolsVersion = 7.1;
					};
					86A4A3911BE6EFFD00C25F46 = {
						CreatedOnToolsVersion = 7.1;
						TestTargetID = 86A4A37D1BE6EFFD00C25F46;
					};
					86A4A39C1BE6EFFD00C25F46 = {
						CreatedOnToolsVersion = 7.1;
						TestTargetID = 86A4A37D1BE6EFFD00C25F46;
					};
				};
			};
			buildConfigurationList = 86A4A3791BE6EFFD00C25F46 /* Build configuration list for PBXProject "BackgroundTimer" */;
			compatibilityVersion = "Xcode 3.2";
			developmentRegion = English;
			hasScannedForEncodings = 0;
			knownRegions = (
				en,
				Base,
			);
			mainGroup = 86A4A3751BE6EFFD00C25F46;
			productRefGroup = 86A4A37F1BE6EFFD00C25F46 /* Products */;
			projectDirPath = "";
			projectRoot = "";
			targets = (
				86A4A37D1BE6EFFD00C25F46 /* BackgroundTimer */,
				86A4A3911BE6EFFD00C25F46 /* BackgroundTimerTests */,
				86A4A39C1BE6EFFD00C25F46 /* BackgroundTimerUITests */,
			);
		};
/* End PBXProject section */

/* Begin PBXResourcesBuildPhase section */
		86A4A37C1BE6EFFD00C25F46 /* Resources */ = {
			isa = PBXResourcesBuildPhase;
			buildActionMask = 2147483647;
			files = (
				86A4A38C1BE6EFFD00C25F46 /* LaunchScreen.storyboard in Resources */,
				86A4A3891BE6EFFD00C25F46 /* Assets.xcassets in Resources */,
				86A4A3871BE6EFFD00C25F46 /* Main.storyboard in Resources */,
			);
			runOnlyForDeploymentPostprocessing = 0;
		};
		86A4A3901BE6EFFD00C25F46 /* Resources */ = {
			isa = PBXResourcesBuildPhase;
			buildActionMask = 2147483647;
			files = (
			);
			runOnlyForDeploymentPostprocessing = 0;
		};
		86A4A39B1BE6EFFD00C25F46 /* Resources */ = {
			isa = PBXResourcesBuildPhase;
			buildActionMask = 2147483647;
			files = (
			);
			runOnlyForDeploymentPostprocessing = 0;
		};
/* End PBXResourcesBuildPhase section */

/* Begin PBXSourcesBuildPhase section */
		86A4A37A1BE6EFFD00C25F46 /* Sources */ = {
			isa = PBXSourcesBuildPhase;
			buildActionMask = 2147483647;
			files = (
				86A4A3841BE6EFFD00C25F46 /* ViewController.swift in Sources */,
				86A4A3821BE6EFFD00C25F46 /* AppDelegate.swift in Sources */,
			);
			runOnlyForDeploymentPostprocessing = 0;
		};
		86A4A38E1BE6EFFD00C25F46 /* Sources */ = {
			isa = PBXSourcesBuildPhase;
			buildActionMask = 2147483647;
			files = (
				86A4A3971BE6EFFD00C25F46 /* BackgroundTimerTests.swift in Sources */,
			);
			runOnlyForDeploymentPostprocessing = 0;
		};
		86A4A3991BE6EFFD00C25F46 /* Sources */ = {
			isa = PBXSourcesBuildPhase;
			buildActionMask = 2147483647;
			files = (
				86A4A3A21BE6EFFD00C25F46 /* BackgroundTimerUITests.swift in Sources */,
			);
			runOnlyForDeploymentPostprocessing = 0;
		};
/* End PBXSourcesBuildPhase section */

/* Begin PBXTargetDependency section */
		86A4A3941BE6EFFD00C25F46 /* PBXTargetDependency */ = {
			isa = PBXTargetDependency;
			target = 86A4A37D1BE6EFFD00C25F46 /* BackgroundTimer */;
			targetProxy = 86A4A3931BE6EFFD00C25F46 /* PBXContainerItemProxy */;
		};
		86A4A39F1BE6EFFD00C25F46 /* PBXTargetDependency */ = {
			isa = PBXTargetDependency;
			target = 86A4A37D1BE6EFFD00C25F46 /* BackgroundTimer */;
			targetProxy = 86A4A39E1BE6EFFD00C25F46 /* PBXContainerItemProxy */;
		};
/* End PBXTargetDependency section */

/* Begin PBXVariantGroup section */
		86A4A3851BE6EFFD00C25F46 /* Main.storyboard */ = {
			isa = PBXVariantGroup;
			children = (
				86A4A3861BE6EFFD00C25F46 /* Base */,
			);
			name = Main.storyboard;
			sourceTree = "<group>";
		};
		86A4A38A1BE6EFFD00C25F46 /* LaunchScreen.storyboard */ = {
			isa = PBXVariantGroup;
			children = (
				86A4A38B1BE6EFFD00C25F46 /* Base */,
			);
			name = LaunchScreen.storyboard;
			sourceTree = "<group>";
		};
/* End PBXVariantGroup section */

/* Begin XCBuildConfiguration section */
		86A4A3A41BE6EFFD00C25F46 /* Debug */ = {
			isa = XCBuildConfiguration;
			buildSettings = {
				ALWAYS_SEARCH_USER_PATHS = NO;
				CLANG_CXX_LANGUAGE_STANDARD = "gnu++0x";
				CLANG_CXX_LIBRARY = "libc++";
				CLANG_ENABLE_MODULES = YES;
				CLANG_ENABLE_OBJC_ARC = YES;
				CLANG_WARN_BOOL_CONVERSION = YES;
				CLANG_WARN_CONSTANT_CONVERSION = YES;
				CLANG_WARN_DIRECT_OBJC_ISA_USAGE = YES_ERROR;
				CLANG_WARN_EMPTY_BODY = YES;
				CLANG_WARN_ENUM_CONVERSION = YES;
				CLANG_WARN_INT_CONVERSION = YES;
				CLANG_WARN_OBJC_ROOT_CLASS = YES_ERROR;
				CLANG_WARN_UNREACHABLE_CODE = YES;
				CLANG_WARN__DUPLICATE_METHOD_MATCH = YES;
				"CODE_SIGN_IDENTITY[sdk=iphoneos*]" = "iPhone Developer";
				COPY_PHASE_STRIP = NO;
				DEBUG_INFORMATION_FORMAT = dwarf;
				ENABLE_STRICT_OBJC_MSGSEND = YES;
				ENABLE_TESTABILITY = YES;
				GCC_C_LANGUAGE_STANDARD = gnu99;
				GCC_DYNAMIC_NO_PIC = NO;
				GCC_NO_COMMON_BLOCKS = YES;
				GCC_OPTIMIZATION_LEVEL = 0;
				GCC_PREPROCESSOR_DEFINITIONS = (
					"DEBUG=1",
					"$(inherited)",
				);
				GCC_WARN_64_TO_32_BIT_CONVERSION = YES;
				GCC_WARN_ABOUT_RETURN_TYPE = YES_ERROR;
				GCC_WARN_UNDECLARED_SELECTOR = YES;
				GCC_WARN_UNINITIALIZED_AUTOS = YES_AGGRESSIVE;
				GCC_WARN_UNUSED_FUNCTION = YES;
				GCC_WARN_UNUSED_VARIABLE = YES;
				IPHONEOS_DEPLOYMENT_TARGET = 9.1;
				MTL_ENABLE_DEBUG_INFO = YES;
				ONLY_ACTIVE_ARCH = YES;
				SDKROOT = iphoneos;
				SWIFT_OPTIMIZATION_LEVEL = "-Onone";
			};
			name = Debug;
		};
		86A4A3A51BE6EFFD00C25F46 /* Release */ = {
			isa = XCBuildConfiguration;
			buildSettings = {
				ALWAYS_SEARCH_USER_PATHS = NO;
				CLANG_CXX_LANGUAGE_STANDARD = "gnu++0x";
				CLANG_CXX_LIBRARY = "libc++";
				CLANG_ENABLE_MODULES = YES;
				CLANG_ENABLE_OBJC_ARC = YES;
				CLANG_WARN_BOOL_CONVERSION = YES;
				CLANG_WARN_CONSTANT_CONVERSION = YES;
				CLANG_WARN_DIRECT_OBJC_ISA_USAGE = YES_ERROR;
				CLANG_WARN_EMPTY_BODY = YES;
				CLANG_WARN_ENUM_CONVERSION = YES;
				CLANG_WARN_INT_CONVERSION = YES;
				CLANG_WARN_OBJC_ROOT_CLASS = YES_ERROR;
				CLANG_WARN_UNREACHABLE_CODE = YES;
				CLANG_WARN__DUPLICATE_METHOD_MATCH = YES;
				"CODE_SIGN_IDENTITY[sdk=iphoneos*]" = "iPhone Developer";
				COPY_PHASE_STRIP = NO;
				DEBUG_INFORMATION_FORMAT = "dwarf-with-dsym";
				ENABLE_NS_ASSERTIONS = NO;
				ENABLE_STRICT_OBJC_MSGSEND = YES;
				GCC_C_LANGUAGE_STANDARD = gnu99;
				GCC_NO_COMMON_BLOCKS = YES;
				GCC_WARN_64_TO_32_BIT_CONVERSION = YES;
				GCC_WARN_ABOUT_RETURN_TYPE = YES_ERROR;
				GCC_WARN_UNDECLARED_SELECTOR = YES;
				GCC_WARN_UNINITIALIZED_AUTOS = YES_AGGRESSIVE;
				GCC_WARN_UNUSED_FUNCTION = YES;
				GCC_WARN_UNUSED_VARIABLE = YES;
				IPHONEOS_DEPLOYMENT_TARGET = 9.1;
				MTL_ENABLE_DEBUG_INFO = NO;
				SDKROOT = iphoneos;
				VALIDATE_PRODUCT = YES;
			};
			name = Release;
		};
		86A4A3A71BE6EFFD00C25F46 /* Debug */ = {
			isa = XCBuildConfiguration;
			buildSettings = {
				ASSETCATALOG_COMPILER_APPICON_NAME = AppIcon;
				INFOPLIST_FILE = BackgroundTimer/Info.plist;
				LD_RUNPATH_SEARCH_PATHS = "$(inherited) @executable_path/Frameworks";
				PRODUCT_BUNDLE_IDENTIFIER = my.rakit.BackgroundTimer;
				PRODUCT_NAME = "$(TARGET_NAME)";
			};
			name = Debug;
		};
		86A4A3A81BE6EFFD00C25F46 /* Release */ = {
			isa = XCBuildConfiguration;
			buildSettings = {
				ASSETCATALOG_COMPILER_APPICON_NAME = AppIcon;
				INFOPLIST_FILE = BackgroundTimer/Info.plist;
				LD_RUNPATH_SEARCH_PATHS = "$(inherited) @executable_path/Frameworks";
				PRODUCT_BUNDLE_IDENTIFIER = my.rakit.BackgroundTimer;
				PRODUCT_NAME = "$(TARGET_NAME)";
			};
			name = Release;
		};
		86A4A3AA1BE6EFFD00C25F46 /* Debug */ = {
			isa = XCBuildConfiguration;
			buildSettings = {
				BUNDLE_LOADER = "$(TEST_HOST)";
				INFOPLIST_FILE = BackgroundTimerTests/Info.plist;
				LD_RUNPATH_SEARCH_PATHS = "$(inherited) @executable_path/Frameworks @loader_path/Frameworks";
				PRODUCT_BUNDLE_IDENTIFIER = my.rakit.BackgroundTimerTests;
				PRODUCT_NAME = "$(TARGET_NAME)";
				TEST_HOST = "$(BUILT_PRODUCTS_DIR)/BackgroundTimer.app/BackgroundTimer";
			};
			name = Debug;
		};
		86A4A3AB1BE6EFFD00C25F46 /* Release */ = {
			isa = XCBuildConfiguration;
			buildSettings = {
				BUNDLE_LOADER = "$(TEST_HOST)";
				INFOPLIST_FILE = BackgroundTimerTests/Info.plist;
				LD_RUNPATH_SEARCH_PATHS = "$(inherited) @executable_path/Frameworks @loader_path/Frameworks";
				PRODUCT_BUNDLE_IDENTIFIER = my.rakit.BackgroundTimerTests;
				PRODUCT_NAME = "$(TARGET_NAME)";
				TEST_HOST = "$(BUILT_PRODUCTS_DIR)/BackgroundTimer.app/BackgroundTimer";
			};
			name = Release;
		};
		86A4A3AD1BE6EFFD00C25F46 /* Debug */ = {
			isa = XCBuildConfiguration;
			buildSettings = {
				INFOPLIST_FILE = BackgroundTimerUITests/Info.plist;
				LD_RUNPATH_SEARCH_PATHS = "$(inherited) @executable_path/Frameworks @loader_path/Frameworks";
				PRODUCT_BUNDLE_IDENTIFIER = my.rakit.BackgroundTimerUITests;
				PRODUCT_NAME = "$(TARGET_NAME)";
				TEST_TARGET_NAME = BackgroundTimer;
				USES_XCTRUNNER = YES;
			};
			name = Debug;
		};
		86A4A3AE1BE6EFFD00C25F46 /* Release */ = {
			isa = XCBuildConfiguration;
			buildSettings = {
				INFOPLIST_FILE = BackgroundTimerUITests/Info.plist;
				LD_RUNPATH_SEARCH_PATHS = "$(inherited) @executable_path/Frameworks @loader_path/Frameworks";
				PRODUCT_BUNDLE_IDENTIFIER = my.rakit.BackgroundTimerUITests;
				PRODUCT_NAME = "$(TARGET_NAME)";
				TEST_TARGET_NAME = BackgroundTimer;
				USES_XCTRUNNER = YES;
			};
			name = Release;
		};
/* End XCBuildConfiguration section */

/* Begin XCConfigurationList section */
		86A4A3791BE6EFFD00C25F46 /* Build configuration list for PBXProject "BackgroundTimer" */ = {
			isa = XCConfigurationList;
			buildConfigurations = (
				86A4A3A41BE6EFFD00C25F46 /* Debug */,
				86A4A3A51BE6EFFD00C25F46 /* Release */,
			);
			defaultConfigurationIsVisible = 0;
			defaultConfigurationName = Release;
		};
		86A4A3A61BE6EFFD00C25F46 /* Build configuration list for PBXNativeTarget "BackgroundTimer" */ = {
			isa = XCConfigurationList;
			buildConfigurations = (
				86A4A3A71BE6EFFD00C25F46 /* Debug */,
				86A4A3A81BE6EFFD00C25F46 /* Release */,
			);
			defaultConfigurationIsVisible = 0;
		};
		86A4A3A91BE6EFFD00C25F46 /* Build configuration list for PBXNativeTarget "BackgroundTimerTests" */ = {
			isa = XCConfigurationList;
			buildConfigurations = (
				86A4A3AA1BE6EFFD00C25F46 /* Debug */,
				86A4A3AB1BE6EFFD00C25F46 /* Release */,
			);
			defaultConfigurationIsVisible = 0;
		};
		86A4A3AC1BE6EFFD00C25F46 /* Build configuration list for PBXNativeTarget "BackgroundTimerUITests" */ = {
			isa = XCConfigurationList;
			buildConfigurations = (
				86A4A3AD1BE6EFFD00C25F46 /* Debug */,
				86A4A3AE1BE6EFFD00C25F46 /* Release */,
			);
			defaultConfigurationIsVisible = 0;
		};
/* End XCConfigurationList section */
	};
	rootObject = 86A4A3761BE6EFFD00C25F46 /* Project object */;
}
